// !$*UTF8*$!
{
	archiveVersion = 1;
	classes = {
	};
	objectVersion = 56;
	objects = {

/* Begin PBXBuildFile section */
		006AB700294E1AB900BC6B7A /* TestTaskSimplyTechnologiesApp.swift in Sources */ = {isa = PBXBuildFile; fileRef = 006AB6FF294E1AB900BC6B7A /* TestTaskSimplyTechnologiesApp.swift */; };
		006AB704294E1AB900BC6B7A /* Assets.xcassets in Resources */ = {isa = PBXBuildFile; fileRef = 006AB703294E1AB900BC6B7A /* Assets.xcassets */; };
		006AB707294E1AB900BC6B7A /* Preview Assets.xcassets in Resources */ = {isa = PBXBuildFile; fileRef = 006AB706294E1AB900BC6B7A /* Preview Assets.xcassets */; };
		006AB710294E1C6600BC6B7A /* MainView.swift in Sources */ = {isa = PBXBuildFile; fileRef = 006AB70F294E1C6600BC6B7A /* MainView.swift */; };
		006AB715294E1F2500BC6B7A /* HomeViewModel.swift in Sources */ = {isa = PBXBuildFile; fileRef = 006AB714294E1F2500BC6B7A /* HomeViewModel.swift */; };
		006AB717294E1F3200BC6B7A /* HomeView.swift in Sources */ = {isa = PBXBuildFile; fileRef = 006AB716294E1F3200BC6B7A /* HomeView.swift */; };
		006AB719294E1F4000BC6B7A /* MainViewModel.swift in Sources */ = {isa = PBXBuildFile; fileRef = 006AB718294E1F4000BC6B7A /* MainViewModel.swift */; };
		006AB721294E22C200BC6B7A /* EmptyView.swift in Sources */ = {isa = PBXBuildFile; fileRef = 006AB720294E22C200BC6B7A /* EmptyView.swift */; };
/* End PBXBuildFile section */

/* Begin PBXFileReference section */
		006AB6FC294E1AB900BC6B7A /* TestTaskSimplyTechnologies.app */ = {isa = PBXFileReference; explicitFileType = wrapper.application; includeInIndex = 0; path = TestTaskSimplyTechnologies.app; sourceTree = BUILT_PRODUCTS_DIR; };
		006AB6FF294E1AB900BC6B7A /* TestTaskSimplyTechnologiesApp.swift */ = {isa = PBXFileReference; lastKnownFileType = sourcecode.swift; path = TestTaskSimplyTechnologiesApp.swift; sourceTree = "<group>"; };
		006AB703294E1AB900BC6B7A /* Assets.xcassets */ = {isa = PBXFileReference; lastKnownFileType = folder.assetcatalog; path = Assets.xcassets; sourceTree = "<group>"; };
		006AB706294E1AB900BC6B7A /* Preview Assets.xcassets */ = {isa = PBXFileReference; lastKnownFileType = folder.assetcatalog; path = "Preview Assets.xcassets"; sourceTree = "<group>"; };
		006AB70F294E1C6600BC6B7A /* MainView.swift */ = {isa = PBXFileReference; lastKnownFileType = sourcecode.swift; path = MainView.swift; sourceTree = "<group>"; };
		006AB714294E1F2500BC6B7A /* HomeViewModel.swift */ = {isa = PBXFileReference; lastKnownFileType = sourcecode.swift; path = HomeViewModel.swift; sourceTree = "<group>"; };
		006AB716294E1F3200BC6B7A /* HomeView.swift */ = {isa = PBXFileReference; lastKnownFileType = sourcecode.swift; path = HomeView.swift; sourceTree = "<group>"; };
		006AB718294E1F4000BC6B7A /* MainViewModel.swift */ = {isa = PBXFileReference; lastKnownFileType = sourcecode.swift; path = MainViewModel.swift; sourceTree = "<group>"; };
		006AB720294E22C200BC6B7A /* EmptyView.swift */ = {isa = PBXFileReference; lastKnownFileType = sourcecode.swift; path = EmptyView.swift; sourceTree = "<group>"; };
/* End PBXFileReference section */

/* Begin PBXFrameworksBuildPhase section */
		006AB6F9294E1AB900BC6B7A /* Frameworks */ = {
			isa = PBXFrameworksBuildPhase;
			buildActionMask = 2147483647;
			files = (
			);
			runOnlyForDeploymentPostprocessing = 0;
		};
/* End PBXFrameworksBuildPhase section */

/* Begin PBXGroup section */
		006AB6F3294E1AB800BC6B7A = {
			isa = PBXGroup;
			children = (
				006AB6FE294E1AB900BC6B7A /* TestTaskSimplyTechnologies */,
				006AB6FD294E1AB900BC6B7A /* Products */,
			);
			sourceTree = "<group>";
		};
		006AB6FD294E1AB900BC6B7A /* Products */ = {
			isa = PBXGroup;
			children = (
				006AB6FC294E1AB900BC6B7A /* TestTaskSimplyTechnologies.app */,
			);
			name = Products;
			sourceTree = "<group>";
		};
		006AB6FE294E1AB900BC6B7A /* TestTaskSimplyTechnologies */ = {
			isa = PBXGroup;
			children = (
				006AB6FF294E1AB900BC6B7A /* TestTaskSimplyTechnologiesApp.swift */,
				006AB720294E22C200BC6B7A /* EmptyView.swift */,
				006AB713294E1F0800BC6B7A /* HomeModule */,
				006AB711294E1D6000BC6B7A /* MainModule */,
				006AB703294E1AB900BC6B7A /* Assets.xcassets */,
				006AB705294E1AB900BC6B7A /* Preview Content */,
			);
			path = TestTaskSimplyTechnologies;
			sourceTree = "<group>";
		};
		006AB705294E1AB900BC6B7A /* Preview Content */ = {
			isa = PBXGroup;
			children = (
				006AB706294E1AB900BC6B7A /* Preview Assets.xcassets */,
			);
			path = "Preview Content";
			sourceTree = "<group>";
		};
		006AB711294E1D6000BC6B7A /* MainModule */ = {
			isa = PBXGroup;
			children = (
				006AB70F294E1C6600BC6B7A /* MainView.swift */,
				006AB718294E1F4000BC6B7A /* MainViewModel.swift */,
			);
			path = MainModule;
			sourceTree = "<group>";
		};
		006AB713294E1F0800BC6B7A /* HomeModule */ = {
			isa = PBXGroup;
			children = (
				006AB714294E1F2500BC6B7A /* HomeViewModel.swift */,
				006AB716294E1F3200BC6B7A /* HomeView.swift */,
			);
			path = HomeModule;
			sourceTree = "<group>";
		};
/* End PBXGroup section */

/* Begin PBXNativeTarget section */
		006AB6FB294E1AB900BC6B7A /* TestTaskSimplyTechnologies */ = {
			isa = PBXNativeTarget;
			buildConfigurationList = 006AB70A294E1AB900BC6B7A /* Build configuration list for PBXNativeTarget "TestTaskSimplyTechnologies" */;
			buildPhases = (
				006AB6F8294E1AB900BC6B7A /* Sources */,
				006AB6F9294E1AB900BC6B7A /* Frameworks */,
				006AB6FA294E1AB900BC6B7A /* Resources */,
			);
			buildRules = (
			);
			dependencies = (
			);
			name = TestTaskSimplyTechnologies;
			productName = TestTaskSimplyTechnologies;
			productReference = 006AB6FC294E1AB900BC6B7A /* TestTaskSimplyTechnologies.app */;
			productType = "com.apple.product-type.application";
		};
/* End PBXNativeTarget section */

/* Begin PBXProject section */
		006AB6F4294E1AB800BC6B7A /* Project object */ = {
			isa = PBXProject;
			attributes = {
				BuildIndependentTargetsInParallel = 1;
				LastSwiftUpdateCheck = 1400;
				LastUpgradeCheck = 1400;
				TargetAttributes = {
					006AB6FB294E1AB900BC6B7A = {
						CreatedOnToolsVersion = 14.0.1;
					};
				};
			};
			buildConfigurationList = 006AB6F7294E1AB800BC6B7A /* Build configuration list for PBXProject "TestTaskSimplyTechnologies" */;
			compatibilityVersion = "Xcode 14.0";
			developmentRegion = en;
			hasScannedForEncodings = 0;
			knownRegions = (
				en,
				Base,
			);
			mainGroup = 006AB6F3294E1AB800BC6B7A;
			productRefGroup = 006AB6FD294E1AB900BC6B7A /* Products */;
			projectDirPath = "";
			projectRoot = "";
			targets = (
				006AB6FB294E1AB900BC6B7A /* TestTaskSimplyTechnologies */,
			);
		};
/* End PBXProject section */

/* Begin PBXResourcesBuildPhase section */
		006AB6FA294E1AB900BC6B7A /* Resources */ = {
			isa = PBXResourcesBuildPhase;
			buildActionMask = 2147483647;
			files = (
				006AB707294E1AB900BC6B7A /* Preview Assets.xcassets in Resources */,
				006AB704294E1AB900BC6B7A /* Assets.xcassets in Resources */,
			);
			runOnlyForDeploymentPostprocessing = 0;
		};
/* End PBXResourcesBuildPhase section */

/* Begin PBXSourcesBuildPhase section */
		006AB6F8294E1AB900BC6B7A /* Sources */ = {
			isa = PBXSourcesBuildPhase;
			buildActionMask = 2147483647;
			files = (
				006AB719294E1F4000BC6B7A /* MainViewModel.swift in Sources */,
				006AB700294E1AB900BC6B7A /* TestTaskSimplyTechnologiesApp.swift in Sources */,
				006AB717294E1F3200BC6B7A /* HomeView.swift in Sources */,
				006AB715294E1F2500BC6B7A /* HomeViewModel.swift in Sources */,
				006AB721294E22C200BC6B7A /* EmptyView.swift in Sources */,
				006AB710294E1C6600BC6B7A /* MainView.swift in Sources */,
			);
			runOnlyForDeploymentPostprocessing = 0;
		};
/* End PBXSourcesBuildPhase section */

/* Begin XCBuildConfiguration section */
		006AB708294E1AB900BC6B7A /* Debug */ = {
			isa = XCBuildConfiguration;
			buildSettings = {
				ALWAYS_SEARCH_USER_PATHS = NO;
				CLANG_ANALYZER_NONNULL = YES;
				CLANG_ANALYZER_NUMBER_OBJECT_CONVERSION = YES_AGGRESSIVE;
				CLANG_CXX_LANGUAGE_STANDARD = "gnu++20";
				CLANG_ENABLE_MODULES = YES;
				CLANG_ENABLE_OBJC_ARC = YES;
				CLANG_ENABLE_OBJC_WEAK = YES;
				CLANG_WARN_BLOCK_CAPTURE_AUTORELEASING = YES;
				CLANG_WARN_BOOL_CONVERSION = YES;
				CLANG_WARN_COMMA = YES;
				CLANG_WARN_CONSTANT_CONVERSION = YES;
				CLANG_WARN_DEPRECATED_OBJC_IMPLEMENTATIONS = YES;
				CLANG_WARN_DIRECT_OBJC_ISA_USAGE = YES_ERROR;
				CLANG_WARN_DOCUMENTATION_COMMENTS = YES;
				CLANG_WARN_EMPTY_BODY = YES;
				CLANG_WARN_ENUM_CONVERSION = YES;
				CLANG_WARN_INFINITE_RECURSION = YES;
				CLANG_WARN_INT_CONVERSION = YES;
				CLANG_WARN_NON_LITERAL_NULL_CONVERSION = YES;
				CLANG_WARN_OBJC_IMPLICIT_RETAIN_SELF = YES;
				CLANG_WARN_OBJC_LITERAL_CONVERSION = YES;
				CLANG_WARN_OBJC_ROOT_CLASS = YES_ERROR;
				CLANG_WARN_QUOTED_INCLUDE_IN_FRAMEWORK_HEADER = YES;
				CLANG_WARN_RANGE_LOOP_ANALYSIS = YES;
				CLANG_WARN_STRICT_PROTOTYPES = YES;
				CLANG_WARN_SUSPICIOUS_MOVE = YES;
				CLANG_WARN_UNGUARDED_AVAILABILITY = YES_AGGRESSIVE;
				CLANG_WARN_UNREACHABLE_CODE = YES;
				CLANG_WARN__DUPLICATE_METHOD_MATCH = YES;
				COPY_PHASE_STRIP = NO;
				DEBUG_INFORMATION_FORMAT = dwarf;
				ENABLE_STRICT_OBJC_MSGSEND = YES;
				ENABLE_TESTABILITY = YES;
				GCC_C_LANGUAGE_STANDARD = gnu11;
				GCC_DYNAMIC_NO_PIC = NO;
				GCC_NO_COMMON_BLOCKS = YES;
				GCC_OPTIMIZATION_LEVEL = 0;
				GCC_PREPROCESSOR_DEFINITIONS = (
					"DEBUG=1",
					"$(inherited)",
				);
				GCC_WARN_64_TO_32_BIT_CONVERSION = YES;
				GCC_WARN_ABOUT_RETURN_TYPE = YES_ERROR;
				GCC_WARN_UNDECLARED_SELECTOR = YES;
				GCC_WARN_UNINITIALIZED_AUTOS = YES_AGGRESSIVE;
				GCC_WARN_UNUSED_FUNCTION = YES;
				GCC_WARN_UNUSED_VARIABLE = YES;
				IPHONEOS_DEPLOYMENT_TARGET = 16.0;
				MTL_ENABLE_DEBUG_INFO = INCLUDE_SOURCE;
				MTL_FAST_MATH = YES;
				ONLY_ACTIVE_ARCH = YES;
				SDKROOT = iphoneos;
				SWIFT_ACTIVE_COMPILATION_CONDITIONS = DEBUG;
				SWIFT_OPTIMIZATION_LEVEL = "-Onone";
			};
			name = Debug;
		};
		006AB709294E1AB900BC6B7A /* Release */ = {
			isa = XCBuildConfiguration;
			buildSettings = {
				ALWAYS_SEARCH_USER_PATHS = NO;
				CLANG_ANALYZER_NONNULL = YES;
				CLANG_ANALYZER_NUMBER_OBJECT_CONVERSION = YES_AGGRESSIVE;
				CLANG_CXX_LANGUAGE_STANDARD = "gnu++20";
				CLANG_ENABLE_MODULES = YES;
				CLANG_ENABLE_OBJC_ARC = YES;
				CLANG_ENABLE_OBJC_WEAK = YES;
				CLANG_WARN_BLOCK_CAPTURE_AUTORELEASING = YES;
				CLANG_WARN_BOOL_CONVERSION = YES;
				CLANG_WARN_COMMA = YES;
				CLANG_WARN_CONSTANT_CONVERSION = YES;
				CLANG_WARN_DEPRECATED_OBJC_IMPLEMENTATIONS = YES;
				CLANG_WARN_DIRECT_OBJC_ISA_USAGE = YES_ERROR;
				CLANG_WARN_DOCUMENTATION_COMMENTS = YES;
				CLANG_WARN_EMPTY_BODY = YES;
				CLANG_WARN_ENUM_CONVERSION = YES;
				CLANG_WARN_INFINITE_RECURSION = YES;
				CLANG_WARN_INT_CONVERSION = YES;
				CLANG_WARN_NON_LITERAL_NULL_CONVERSION = YES;
				CLANG_WARN_OBJC_IMPLICIT_RETAIN_SELF = YES;
				CLANG_WARN_OBJC_LITERAL_CONVERSION = YES;
				CLANG_WARN_OBJC_ROOT_CLASS = YES_ERROR;
				CLANG_WARN_QUOTED_INCLUDE_IN_FRAMEWORK_HEADER = YES;
				CLANG_WARN_RANGE_LOOP_ANALYSIS = YES;
				CLANG_WARN_STRICT_PROTOTYPES = YES;
				CLANG_WARN_SUSPICIOUS_MOVE = YES;
				CLANG_WARN_UNGUARDED_AVAILABILITY = YES_AGGRESSIVE;
				CLANG_WARN_UNREACHABLE_CODE = YES;
				CLANG_WARN__DUPLICATE_METHOD_MATCH = YES;
				COPY_PHASE_STRIP = NO;
				DEBUG_INFORMATION_FORMAT = "dwarf-with-dsym";
				ENABLE_NS_ASSERTIONS = NO;
				ENABLE_STRICT_OBJC_MSGSEND = YES;
				GCC_C_LANGUAGE_STANDARD = gnu11;
				GCC_NO_COMMON_BLOCKS = YES;
				GCC_WARN_64_TO_32_BIT_CONVERSION = YES;
				GCC_WARN_ABOUT_RETURN_TYPE = YES_ERROR;
				GCC_WARN_UNDECLARED_SELECTOR = YES;
				GCC_WARN_UNINITIALIZED_AUTOS = YES_AGGRESSIVE;
				GCC_WARN_UNUSED_FUNCTION = YES;
				GCC_WARN_UNUSED_VARIABLE = YES;
				IPHONEOS_DEPLOYMENT_TARGET = 16.0;
				MTL_ENABLE_DEBUG_INFO = NO;
				MTL_FAST_MATH = YES;
				SDKROOT = iphoneos;
				SWIFT_COMPILATION_MODE = wholemodule;
				SWIFT_OPTIMIZATION_LEVEL = "-O";
				VALIDATE_PRODUCT = YES;
			};
			name = Release;
		};
		006AB70B294E1AB900BC6B7A /* Debug */ = {
			isa = XCBuildConfiguration;
			buildSettings = {
				ASSETCATALOG_COMPILER_APPICON_NAME = AppIcon;
				ASSETCATALOG_COMPILER_GLOBAL_ACCENT_COLOR_NAME = AccentColor;
				CODE_SIGN_STYLE = Automatic;
				CURRENT_PROJECT_VERSION = 1;
				DEVELOPMENT_ASSET_PATHS = "\"TestTaskSimplyTechnologies/Preview Content\"";
				DEVELOPMENT_TEAM = R4Q36FBQXG;
				ENABLE_PREVIEWS = YES;
				GENERATE_INFOPLIST_FILE = YES;
				INFOPLIST_KEY_UIApplicationSceneManifest_Generation = YES;
				INFOPLIST_KEY_UIApplicationSupportsIndirectInputEvents = YES;
				INFOPLIST_KEY_UILaunchScreen_Generation = YES;
				INFOPLIST_KEY_UISupportedInterfaceOrientations_iPad = "UIInterfaceOrientationPortrait UIInterfaceOrientationPortraitUpsideDown UIInterfaceOrientationLandscapeLeft UIInterfaceOrientationLandscapeRight";
				INFOPLIST_KEY_UISupportedInterfaceOrientations_iPhone = "UIInterfaceOrientationPortrait UIInterfaceOrientationLandscapeLeft UIInterfaceOrientationLandscapeRight";
				LD_RUNPATH_SEARCH_PATHS = (
					"$(inherited)",
					"@executable_path/Frameworks",
				);
				MARKETING_VERSION = 1.0;
				PRODUCT_BUNDLE_IDENTIFIER = com.test.TestTaskSimplyTechnologies;
				PRODUCT_NAME = "$(TARGET_NAME)";
				SWIFT_EMIT_LOC_STRINGS = YES;
				SWIFT_VERSION = 5.0;
				TARGETED_DEVICE_FAMILY = "1,2";
			};
			name = Debug;
		};
		006AB70C294E1AB900BC6B7A /* Release */ = {
			isa = XCBuildConfiguration;
			buildSettings = {
				ASSETCATALOG_COMPILER_APPICON_NAME = AppIcon;
				ASSETCATALOG_COMPILER_GLOBAL_ACCENT_COLOR_NAME = AccentColor;
				CODE_SIGN_STYLE = Automatic;
				CURRENT_PROJECT_VERSION = 1;
				DEVELOPMENT_ASSET_PATHS = "\"TestTaskSimplyTechnologies/Preview Content\"";
				DEVELOPMENT_TEAM = R4Q36FBQXG;
				ENABLE_PREVIEWS = YES;
				GENERATE_INFOPLIST_FILE = YES;
				INFOPLIST_KEY_UIApplicationSceneManifest_Generation = YES;
				INFOPLIST_KEY_UIApplicationSupportsIndirectInputEvents = YES;
				INFOPLIST_KEY_UILaunchScreen_Generation = YES;
				INFOPLIST_KEY_UISupportedInterfaceOrientations_iPad = "UIInterfaceOrientationPortrait UIInterfaceOrientationPortraitUpsideDown UIInterfaceOrientationLandscapeLeft UIInterfaceOrientationLandscapeRight";
				INFOPLIST_KEY_UISupportedInterfaceOrientations_iPhone = "UIInterfaceOrientationPortrait UIInterfaceOrientationLandscapeLeft UIInterfaceOrientationLandscapeRight";
				LD_RUNPATH_SEARCH_PATHS = (
					"$(inherited)",
					"@executable_path/Frameworks",
				);
				MARKETING_VERSION = 1.0;
				PRODUCT_BUNDLE_IDENTIFIER = com.test.TestTaskSimplyTechnologies;
				PRODUCT_NAME = "$(TARGET_NAME)";
				SWIFT_EMIT_LOC_STRINGS = YES;
				SWIFT_VERSION = 5.0;
				TARGETED_DEVICE_FAMILY = "1,2";
			};
			name = Release;
		};
/* End XCBuildConfiguration section */

/* Begin XCConfigurationList section */
		006AB6F7294E1AB800BC6B7A /* Build configuration list for PBXProject "TestTaskSimplyTechnologies" */ = {
			isa = XCConfigurationList;
			buildConfigurations = (
				006AB708294E1AB900BC6B7A /* Debug */,
				006AB709294E1AB900BC6B7A /* Release */,
			);
			defaultConfigurationIsVisible = 0;
			defaultConfigurationName = Release;
		};
		006AB70A294E1AB900BC6B7A /* Build configuration list for PBXNativeTarget "TestTaskSimplyTechnologies" */ = {
			isa = XCConfigurationList;
			buildConfigurations = (
				006AB70B294E1AB900BC6B7A /* Debug */,
				006AB70C294E1AB900BC6B7A /* Release */,
			);
			defaultConfigurationIsVisible = 0;
			defaultConfigurationName = Release;
		};
/* End XCConfigurationList section */
	};
	rootObject = 006AB6F4294E1AB800BC6B7A /* Project object */;
}
